
Microsoft Visual Studio Solution File, Format Version 12.00
# Visual Studio Version 17
VisualStudioVersion = 17.0.32014.148
MinimumVisualStudioVersion = 10.0.40219.1
Project("{FAE04EC0-301F-11D3-BF4B-00C04F79EFBC}") = "Example2.Console", "Example2.Console\Example2.Console.csproj", "{EE69394C-82FD-4EC0-B43F-310181A3F499}"
EndProject
Global
	GlobalSection(SolutionConfigurationPlatforms) = preSolution
		Debug|Any CPU = Debug|Any CPU
		Release|Any CPU = Release|Any CPU
	EndGlobalSection
	GlobalSection(ProjectConfigurationPlatforms) = postSolution
		{EE69394C-82FD-4EC0-B43F-310181A3F499}.Debug|Any CPU.ActiveCfg = Debug|Any CPU
		{EE69394C-82FD-4EC0-B43F-310181A3F499}.Debug|Any CPU.Build.0 = Debug|Any CPU
		{EE69394C-82FD-4EC0-B43F-310181A3F499}.Release|Any CPU.ActiveCfg = Release|Any CPU
		{EE69394C-82FD-4EC0-B43F-310181A3F499}.Release|Any CPU.Build.0 = Release|Any CPU
	EndGlobalSection
	GlobalSection(SolutionProperties) = preSolution
		HideSolutionNode = FALSE
	EndGlobalSection
	GlobalSection(ExtensibilityGlobals) = postSolution
		SolutionGuid = {2A18F1F8-8B3A-41D5-9D3E-0A4882A0762E}
	EndGlobalSection
EndGlobal
